
Microsoft Visual Studio Solution File, Format Version 12.00
# Visual Studio Version 17
VisualStudioVersion = 17.3.32929.385
MinimumVisualStudioVersion = 10.0.40219.1
Project("{FAE04EC0-301F-11D3-BF4B-00C04F79EFBC}") = "LoupGaroup.UWP", "LoupGaroup.UWP\LoupGaroup.UWP.csproj", "{A2BB74A1-D138-4B3A-8D1C-92811A6AE9BA}"
EndProject
Project("{FAE04EC0-301F-11D3-BF4B-00C04F79EFBC}") = "LoupGaroup.Android", "LoupGaroup.Android\LoupGaroup.Android.csproj", "{72F45571-5205-4647-AAE4-C40B92708008}"
EndProject
Project("{FAE04EC0-301F-11D3-BF4B-00C04F79EFBC}") = "LoupGaroup.iOS", "LoupGaroup.iOS\LoupGaroup.iOS.csproj", "{C67822BA-9C4C-434D-9544-2A898B1FA16A}"
EndProject
Project("{FAE04EC0-301F-11D3-BF4B-00C04F79EFBC}") = "LoupGaroup", "LoupGaroup\LoupGaroup.csproj", "{2C02C9F2-C8EB-4DA8-AB3D-E467A5E59636}"
EndProject
Global
	GlobalSection(SolutionConfigurationPlatforms) = preSolution
		Debug|Any CPU = Debug|Any CPU
		Debug|ARM = Debug|ARM
		Debug|iPhone = Debug|iPhone
		Debug|iPhoneSimulator = Debug|iPhoneSimulator
		Debug|x64 = Debug|x64
		Debug|x86 = Debug|x86
		Release|Any CPU = Release|Any CPU
		Release|ARM = Release|ARM
		Release|iPhone = Release|iPhone
		Release|iPhoneSimulator = Release|iPhoneSimulator
		Release|x64 = Release|x64
		Release|x86 = Release|x86
	EndGlobalSection
	GlobalSection(ProjectConfigurationPlatforms) = postSolution
		{A2BB74A1-D138-4B3A-8D1C-92811A6AE9BA}.Debug|Any CPU.ActiveCfg = Debug|x64
		{A2BB74A1-D138-4B3A-8D1C-92811A6AE9BA}.Debug|ARM.ActiveCfg = Debug|ARM
		{A2BB74A1-D138-4B3A-8D1C-92811A6AE9BA}.Debug|ARM.Build.0 = Debug|ARM
		{A2BB74A1-D138-4B3A-8D1C-92811A6AE9BA}.Debug|ARM.Deploy.0 = Debug|ARM
		{A2BB74A1-D138-4B3A-8D1C-92811A6AE9BA}.Debug|iPhone.ActiveCfg = Debug|x64
		{A2BB74A1-D138-4B3A-8D1C-92811A6AE9BA}.Debug|iPhoneSimulator.ActiveCfg = Debug|x64
		{A2BB74A1-D138-4B3A-8D1C-92811A6AE9BA}.Debug|x64.ActiveCfg = Debug|x64
		{A2BB74A1-D138-4B3A-8D1C-92811A6AE9BA}.Debug|x64.Build.0 = Debug|x64
		{A2BB74A1-D138-4B3A-8D1C-92811A6AE9BA}.Debug|x64.Deploy.0 = Debug|x64
		{A2BB74A1-D138-4B3A-8D1C-92811A6AE9BA}.Debug|x86.ActiveCfg = Debug|x86
		{A2BB74A1-D138-4B3A-8D1C-92811A6AE9BA}.Debug|x86.Build.0 = Debug|x86
		{A2BB74A1-D138-4B3A-8D1C-92811A6AE9BA}.Debug|x86.Deploy.0 = Debug|x86
		{A2BB74A1-D138-4B3A-8D1C-92811A6AE9BA}.Release|Any CPU.ActiveCfg = Release|x64
		{A2BB74A1-D138-4B3A-8D1C-92811A6AE9BA}.Release|ARM.ActiveCfg = Release|ARM
		{A2BB74A1-D138-4B3A-8D1C-92811A6AE9BA}.Release|ARM.Build.0 = Release|ARM
		{A2BB74A1-D138-4B3A-8D1C-92811A6AE9BA}.Release|ARM.Deploy.0 = Release|ARM
		{A2BB74A1-D138-4B3A-8D1C-92811A6AE9BA}.Release|iPhone.ActiveCfg = Release|x64
		{A2BB74A1-D138-4B3A-8D1C-92811A6AE9BA}.Release|iPhoneSimulator.ActiveCfg = Release|x64
		{A2BB74A1-D138-4B3A-8D1C-92811A6AE9BA}.Release|x64.ActiveCfg = Release|x64
		{A2BB74A1-D138-4B3A-8D1C-92811A6AE9BA}.Release|x64.Build.0 = Release|x64
		{A2BB74A1-D138-4B3A-8D1C-92811A6AE9BA}.Release|x64.Deploy.0 = Release|x64
		{A2BB74A1-D138-4B3A-8D1C-92811A6AE9BA}.Release|x86.ActiveCfg = Release|x86
		{A2BB74A1-D138-4B3A-8D1C-92811A6AE9BA}.Release|x86.Build.0 = Release|x86
		{A2BB74A1-D138-4B3A-8D1C-92811A6AE9BA}.Release|x86.Deploy.0 = Release|x86
		{72F45571-5205-4647-AAE4-C40B92708008}.Debug|Any CPU.ActiveCfg = Debug|Any CPU
		{72F45571-5205-4647-AAE4-C40B92708008}.Debug|Any CPU.Build.0 = Debug|Any CPU
		{72F45571-5205-4647-AAE4-C40B92708008}.Debug|Any CPU.Deploy.0 = Debug|Any CPU
		{72F45571-5205-4647-AAE4-C40B92708008}.Debug|ARM.ActiveCfg = Debug|Any CPU
		{72F45571-5205-4647-AAE4-C40B92708008}.Debug|ARM.Build.0 = Debug|Any CPU
		{72F45571-5205-4647-AAE4-C40B92708008}.Debug|ARM.Deploy.0 = Debug|Any CPU
		{72F45571-5205-4647-AAE4-C40B92708008}.Debug|iPhone.ActiveCfg = Debug|Any CPU
		{72F45571-5205-4647-AAE4-C40B92708008}.Debug|iPhone.Build.0 = Debug|Any CPU
		{72F45571-5205-4647-AAE4-C40B92708008}.Debug|iPhone.Deploy.0 = Debug|Any CPU
		{72F45571-5205-4647-AAE4-C40B92708008}.Debug|iPhoneSimulator.ActiveCfg = Debug|Any CPU
		{72F45571-5205-4647-AAE4-C40B92708008}.Debug|iPhoneSimulator.Build.0 = Debug|Any CPU
		{72F45571-5205-4647-AAE4-C40B92708008}.Debug|iPhoneSimulator.Deploy.0 = Debug|Any CPU
		{72F45571-5205-4647-AAE4-C40B92708008}.Debug|x64.ActiveCfg = Debug|Any CPU
		{72F45571-5205-4647-AAE4-C40B92708008}.Debug|x64.Build.0 = Debug|Any CPU
		{72F45571-5205-4647-AAE4-C40B92708008}.Debug|x64.Deploy.0 = Debug|Any CPU
		{72F45571-5205-4647-AAE4-C40B92708008}.Debug|x86.ActiveCfg = Debug|Any CPU
		{72F45571-5205-4647-AAE4-C40B92708008}.Debug|x86.Build.0 = Debug|Any CPU
		{72F45571-5205-4647-AAE4-C40B92708008}.Debug|x86.Deploy.0 = Debug|Any CPU
		{72F45571-5205-4647-AAE4-C40B92708008}.Release|Any CPU.ActiveCfg = Release|Any CPU
		{72F45571-5205-4647-AAE4-C40B92708008}.Release|Any CPU.Build.0 = Release|Any CPU
		{72F45571-5205-4647-AAE4-C40B92708008}.Release|Any CPU.Deploy.0 = Release|Any CPU
		{72F45571-5205-4647-AAE4-C40B92708008}.Release|ARM.ActiveCfg = Release|Any CPU
		{72F45571-5205-4647-AAE4-C40B92708008}.Release|ARM.Build.0 = Release|Any CPU
		{72F45571-5205-4647-AAE4-C40B92708008}.Release|ARM.Deploy.0 = Release|Any CPU
		{72F45571-5205-4647-AAE4-C40B92708008}.Release|iPhone.ActiveCfg = Release|Any CPU
		{72F45571-5205-4647-AAE4-C40B92708008}.Release|iPhone.Build.0 = Release|Any CPU
		{72F45571-5205-4647-AAE4-C40B92708008}.Release|iPhone.Deploy.0 = Release|Any CPU
		{72F45571-5205-4647-AAE4-C40B92708008}.Release|iPhoneSimulator.ActiveCfg = Release|Any CPU
		{72F45571-5205-4647-AAE4-C40B92708008}.Release|iPhoneSimulator.Build.0 = Release|Any CPU
		{72F45571-5205-4647-AAE4-C40B92708008}.Release|iPhoneSimulator.Deploy.0 = Release|Any CPU
		{72F45571-5205-4647-AAE4-C40B92708008}.Release|x64.ActiveCfg = Release|Any CPU
		{72F45571-5205-4647-AAE4-C40B92708008}.Release|x64.Build.0 = Release|Any CPU
		{72F45571-5205-4647-AAE4-C40B92708008}.Release|x64.Deploy.0 = Release|Any CPU
		{72F45571-5205-4647-AAE4-C40B92708008}.Release|x86.ActiveCfg = Release|Any CPU
		{72F45571-5205-4647-AAE4-C40B92708008}.Release|x86.Build.0 = Release|Any CPU
		{72F45571-5205-4647-AAE4-C40B92708008}.Release|x86.Deploy.0 = Release|Any CPU
		{C67822BA-9C4C-434D-9544-2A898B1FA16A}.Debug|Any CPU.ActiveCfg = Debug|iPhone
		{C67822BA-9C4C-434D-9544-2A898B1FA16A}.Debug|Any CPU.Build.0 = Debug|iPhone
		{C67822BA-9C4C-434D-9544-2A898B1FA16A}.Debug|Any CPU.Deploy.0 = Debug|iPhone
		{C67822BA-9C4C-434D-9544-2A898B1FA16A}.Debug|ARM.ActiveCfg = Debug|iPhoneSimulator
		{C67822BA-9C4C-434D-9544-2A898B1FA16A}.Debug|ARM.Build.0 = Debug|iPhoneSimulator
		{C67822BA-9C4C-434D-9544-2A898B1FA16A}.Debug|ARM.Deploy.0 = Debug|iPhoneSimulator
		{C67822BA-9C4C-434D-9544-2A898B1FA16A}.Debug|iPhone.ActiveCfg = Debug|iPhone
		{C67822BA-9C4C-434D-9544-2A898B1FA16A}.Debug|iPhone.Build.0 = Debug|iPhone
		{C67822BA-9C4C-434D-9544-2A898B1FA16A}.Debug|iPhone.Deploy.0 = Debug|iPhone
		{C67822BA-9C4C-434D-9544-2A898B1FA16A}.Debug|iPhoneSimulator.ActiveCfg = Debug|iPhoneSimulator
		{C67822BA-9C4C-434D-9544-2A898B1FA16A}.Debug|iPhoneSimulator.Build.0 = Debug|iPhoneSimulator
		{C67822BA-9C4C-434D-9544-2A898B1FA16A}.Debug|iPhoneSimulator.Deploy.0 = Debug|iPhoneSimulator
		{C67822BA-9C4C-434D-9544-2A898B1FA16A}.Debug|x64.ActiveCfg = Debug|iPhoneSimulator
		{C67822BA-9C4C-434D-9544-2A898B1FA16A}.Debug|x64.Build.0 = Debug|iPhoneSimulator
		{C67822BA-9C4C-434D-9544-2A898B1FA16A}.Debug|x64.Deploy.0 = Debug|iPhoneSimulator
		{C67822BA-9C4C-434D-9544-2A898B1FA16A}.Debug|x86.ActiveCfg = Debug|iPhoneSimulator
		{C67822BA-9C4C-434D-9544-2A898B1FA16A}.Debug|x86.Build.0 = Debug|iPhoneSimulator
		{C67822BA-9C4C-434D-9544-2A898B1FA16A}.Debug|x86.Deploy.0 = Debug|iPhoneSimulator
		{C67822BA-9C4C-434D-9544-2A898B1FA16A}.Release|Any CPU.ActiveCfg = Release|iPhoneSimulator
		{C67822BA-9C4C-434D-9544-2A898B1FA16A}.Release|Any CPU.Build.0 = Release|iPhoneSimulator
		{C67822BA-9C4C-434D-9544-2A898B1FA16A}.Release|Any CPU.Deploy.0 = Release|iPhoneSimulator
		{C67822BA-9C4C-434D-9544-2A898B1FA16A}.Release|ARM.ActiveCfg = Release|iPhoneSimulator
		{C67822BA-9C4C-434D-9544-2A898B1FA16A}.Release|ARM.Build.0 = Release|iPhoneSimulator
		{C67822BA-9C4C-434D-9544-2A898B1FA16A}.Release|ARM.Deploy.0 = Release|iPhoneSimulator
		{C67822BA-9C4C-434D-9544-2A898B1FA16A}.Release|iPhone.ActiveCfg = Release|iPhone
		{C67822BA-9C4C-434D-9544-2A898B1FA16A}.Release|iPhone.Build.0 = Release|iPhone
		{C67822BA-9C4C-434D-9544-2A898B1FA16A}.Release|iPhone.Deploy.0 = Release|iPhone
		{C67822BA-9C4C-434D-9544-2A898B1FA16A}.Release|iPhoneSimulator.ActiveCfg = Release|iPhoneSimulator
		{C67822BA-9C4C-434D-9544-2A898B1FA16A}.Release|iPhoneSimulator.Build.0 = Release|iPhoneSimulator
		{C67822BA-9C4C-434D-9544-2A898B1FA16A}.Release|iPhoneSimulator.Deploy.0 = Release|iPhoneSimulator
		{C67822BA-9C4C-434D-9544-2A898B1FA16A}.Release|x64.ActiveCfg = Release|iPhoneSimulator
		{C67822BA-9C4C-434D-9544-2A898B1FA16A}.Release|x64.Build.0 = Release|iPhoneSimulator
		{C67822BA-9C4C-434D-9544-2A898B1FA16A}.Release|x64.Deploy.0 = Release|iPhoneSimulator
		{C67822BA-9C4C-434D-9544-2A898B1FA16A}.Release|x86.ActiveCfg = Release|iPhoneSimulator
		{C67822BA-9C4C-434D-9544-2A898B1FA16A}.Release|x86.Build.0 = Release|iPhoneSimulator
		{C67822BA-9C4C-434D-9544-2A898B1FA16A}.Release|x86.Deploy.0 = Release|iPhoneSimulator
		{2C02C9F2-C8EB-4DA8-AB3D-E467A5E59636}.Debug|Any CPU.ActiveCfg = Debug|Any CPU
		{2C02C9F2-C8EB-4DA8-AB3D-E467A5E59636}.Debug|Any CPU.Build.0 = Debug|Any CPU
		{2C02C9F2-C8EB-4DA8-AB3D-E467A5E59636}.Debug|Any CPU.Deploy.0 = Debug|Any CPU
		{2C02C9F2-C8EB-4DA8-AB3D-E467A5E59636}.Debug|ARM.ActiveCfg = Debug|Any CPU
		{2C02C9F2-C8EB-4DA8-AB3D-E467A5E59636}.Debug|ARM.Build.0 = Debug|Any CPU
		{2C02C9F2-C8EB-4DA8-AB3D-E467A5E59636}.Debug|ARM.Deploy.0 = Debug|Any CPU
		{2C02C9F2-C8EB-4DA8-AB3D-E467A5E59636}.Debug|iPhone.ActiveCfg = Debug|Any CPU
		{2C02C9F2-C8EB-4DA8-AB3D-E467A5E59636}.Debug|iPhone.Build.0 = Debug|Any CPU
		{2C02C9F2-C8EB-4DA8-AB3D-E467A5E59636}.Debug|iPhone.Deploy.0 = Debug|Any CPU
		{2C02C9F2-C8EB-4DA8-AB3D-E467A5E59636}.Debug|iPhoneSimulator.ActiveCfg = Debug|Any CPU
		{2C02C9F2-C8EB-4DA8-AB3D-E467A5E59636}.Debug|iPhoneSimulator.Build.0 = Debug|Any CPU
		{2C02C9F2-C8EB-4DA8-AB3D-E467A5E59636}.Debug|iPhoneSimulator.Deploy.0 = Debug|Any CPU
		{2C02C9F2-C8EB-4DA8-AB3D-E467A5E59636}.Debug|x64.ActiveCfg = Debug|Any CPU
		{2C02C9F2-C8EB-4DA8-AB3D-E467A5E59636}.Debug|x64.Build.0 = Debug|Any CPU
		{2C02C9F2-C8EB-4DA8-AB3D-E467A5E59636}.Debug|x64.Deploy.0 = Debug|Any CPU
		{2C02C9F2-C8EB-4DA8-AB3D-E467A5E59636}.Debug|x86.ActiveCfg = Debug|Any CPU
		{2C02C9F2-C8EB-4DA8-AB3D-E467A5E59636}.Debug|x86.Build.0 = Debug|Any CPU
		{2C02C9F2-C8EB-4DA8-AB3D-E467A5E59636}.Debug|x86.Deploy.0 = Debug|Any CPU
		{2C02C9F2-C8EB-4DA8-AB3D-E467A5E59636}.Release|Any CPU.ActiveCfg = Release|Any CPU
		{2C02C9F2-C8EB-4DA8-AB3D-E467A5E59636}.Release|Any CPU.Build.0 = Release|Any CPU
		{2C02C9F2-C8EB-4DA8-AB3D-E467A5E59636}.Release|Any CPU.Deploy.0 = Release|Any CPU
		{2C02C9F2-C8EB-4DA8-AB3D-E467A5E59636}.Release|ARM.ActiveCfg = Release|Any CPU
		{2C02C9F2-C8EB-4DA8-AB3D-E467A5E59636}.Release|ARM.Build.0 = Release|Any CPU
		{2C02C9F2-C8EB-4DA8-AB3D-E467A5E59636}.Release|ARM.Deploy.0 = Release|Any CPU
		{2C02C9F2-C8EB-4DA8-AB3D-E467A5E59636}.Release|iPhone.ActiveCfg = Release|Any CPU
		{2C02C9F2-C8EB-4DA8-AB3D-E467A5E59636}.Release|iPhone.Build.0 = Release|Any CPU
		{2C02C9F2-C8EB-4DA8-AB3D-E467A5E59636}.Release|iPhone.Deploy.0 = Release|Any CPU
		{2C02C9F2-C8EB-4DA8-AB3D-E467A5E59636}.Release|iPhoneSimulator.ActiveCfg = Release|Any CPU
		{2C02C9F2-C8EB-4DA8-AB3D-E467A5E59636}.Release|iPhoneSimulator.Build.0 = Release|Any CPU
		{2C02C9F2-C8EB-4DA8-AB3D-E467A5E59636}.Release|iPhoneSimulator.Deploy.0 = Release|Any CPU
		{2C02C9F2-C8EB-4DA8-AB3D-E467A5E59636}.Release|x64.ActiveCfg = Release|Any CPU
		{2C02C9F2-C8EB-4DA8-AB3D-E467A5E59636}.Release|x64.Build.0 = Release|Any CPU
		{2C02C9F2-C8EB-4DA8-AB3D-E467A5E59636}.Release|x64.Deploy.0 = Release|Any CPU
		{2C02C9F2-C8EB-4DA8-AB3D-E467A5E59636}.Release|x86.ActiveCfg = Release|Any CPU
		{2C02C9F2-C8EB-4DA8-AB3D-E467A5E59636}.Release|x86.Build.0 = Release|Any CPU
		{2C02C9F2-C8EB-4DA8-AB3D-E467A5E59636}.Release|x86.Deploy.0 = Release|Any CPU
	EndGlobalSection
	GlobalSection(SolutionProperties) = preSolution
		HideSolutionNode = FALSE
	EndGlobalSection
	GlobalSection(ExtensibilityGlobals) = postSolution
		SolutionGuid = {945AD604-123C-4F54-9954-432C57D8B2E0}
	EndGlobalSection
EndGlobal
